
Microsoft Visual Studio Solution File, Format Version 12.00
# Visual Studio 2013
VisualStudioVersion = 12.0.31101.0
MinimumVisualStudioVersion = 10.0.40219.1
Project("{FAE04EC0-301F-11D3-BF4B-00C04F79EFBC}") = "ImSmarterLogParser", "IMSmarterLogParser\ImSmarterLogParser.csproj", "{4AD90027-530E-4D6E-A467-9B4981979FCB}"
EndProject
Project("{FAE04EC0-301F-11D3-BF4B-00C04F79EFBC}") = "ImSmarterLogParser.Test", "IMSmarterLogParser.Test\ImSmarterLogParser.Test.csproj", "{4D9E5B56-5ABC-4C4E-92A2-FA9DEF212E8E}"
EndProject
Global
	GlobalSection(SolutionConfigurationPlatforms) = preSolution
		Debug|Any CPU = Debug|Any CPU
		Release|Any CPU = Release|Any CPU
	EndGlobalSection
	GlobalSection(ProjectConfigurationPlatforms) = postSolution
		{4AD90027-530E-4D6E-A467-9B4981979FCB}.Debug|Any CPU.ActiveCfg = Debug|Any CPU
		{4AD90027-530E-4D6E-A467-9B4981979FCB}.Debug|Any CPU.Build.0 = Debug|Any CPU
		{4AD90027-530E-4D6E-A467-9B4981979FCB}.Release|Any CPU.ActiveCfg = Release|Any CPU
		{4AD90027-530E-4D6E-A467-9B4981979FCB}.Release|Any CPU.Build.0 = Release|Any CPU
		{4D9E5B56-5ABC-4C4E-92A2-FA9DEF212E8E}.Debug|Any CPU.ActiveCfg = Debug|Any CPU
		{4D9E5B56-5ABC-4C4E-92A2-FA9DEF212E8E}.Debug|Any CPU.Build.0 = Debug|Any CPU
		{4D9E5B56-5ABC-4C4E-92A2-FA9DEF212E8E}.Release|Any CPU.ActiveCfg = Release|Any CPU
		{4D9E5B56-5ABC-4C4E-92A2-FA9DEF212E8E}.Release|Any CPU.Build.0 = Release|Any CPU
	EndGlobalSection
	GlobalSection(SolutionProperties) = preSolution
		HideSolutionNode = FALSE
	EndGlobalSection
EndGlobal
